
Microsoft Visual Studio Solution File, Format Version 12.00
# Visual Studio Version 16
VisualStudioVersion = 16.0.30104.148
MinimumVisualStudioVersion = 10.0.40219.1
Project("{FAE04EC0-301F-11D3-BF4B-00C04F79EFBC}") = "OMAHouseWeb", "OMAHouseWeb\OMAHouseWeb.csproj", "{22B5CA17-B9FB-4A8A-AA68-A3C88570E386}"
EndProject
Global
	GlobalSection(SolutionConfigurationPlatforms) = preSolution
		Debug|Any CPU = Debug|Any CPU
		Release|Any CPU = Release|Any CPU
	EndGlobalSection
	GlobalSection(ProjectConfigurationPlatforms) = postSolution
		{22B5CA17-B9FB-4A8A-AA68-A3C88570E386}.Debug|Any CPU.ActiveCfg = Debug|Any CPU
		{22B5CA17-B9FB-4A8A-AA68-A3C88570E386}.Debug|Any CPU.Build.0 = Debug|Any CPU
		{22B5CA17-B9FB-4A8A-AA68-A3C88570E386}.Release|Any CPU.ActiveCfg = Release|Any CPU
		{22B5CA17-B9FB-4A8A-AA68-A3C88570E386}.Release|Any CPU.Build.0 = Release|Any CPU
	EndGlobalSection
	GlobalSection(SolutionProperties) = preSolution
		HideSolutionNode = FALSE
	EndGlobalSection
	GlobalSection(ExtensibilityGlobals) = postSolution
		SolutionGuid = {7455A9CC-3836-4A05-A649-498FCB051725}
	EndGlobalSection
EndGlobal
